lockfileVersion: '6.0'

settings:
  autoInstallPeers: true
  excludeLinksFromLockfile: false

dependencies:
  fp-ts:
    specifier: ^2.16.1
    version: 2.16.1
  typescript:
    specifier: ^5.2.2
    version: 5.2.2

packages:

  /fp-ts@2.16.1:
    resolution: {integrity: sha512-by7U5W8dkIzcvDofUcO42yl9JbnHTEDBrzu3pt5fKT+Z4Oy85I21K80EYJYdjQGC2qum4Vo55Ag57iiIK4FYuA==}
    dev: false

  /typescript@5.2.2:
    resolution: {integrity: sha512-mI4WrpHsbCIcwT9cF4FZvr80QUeKvsUsUvKDoR+X/7XHQH98xYD8YHZg7ANtz2GtZt/CBq2QJ0thkGJMHfqc1w==}
    engines: {node: '>=14.17'}
    hasBin: true
    dev: false
